// !$*UTF8*$!
{
	archiveVersion = 1;
	classes = {
	};
	objectVersion = 46;
	objects = {

/* Begin PBXBuildFile section */
		670CBB7F1D8617AD00FC9B7C /* bg.png in Resources */ = {isa = PBXBuildFile; fileRef = 670CBB7A1D8617AD00FC9B7C /* bg.png */; };
		670CBB801D8617AD00FC9B7C /* flappy1.png in Resources */ = {isa = PBXBuildFile; fileRef = 670CBB7B1D8617AD00FC9B7C /* flappy1.png */; };
		670CBB811D8617AD00FC9B7C /* flappy2.png in Resources */ = {isa = PBXBuildFile; fileRef = 670CBB7C1D8617AD00FC9B7C /* flappy2.png */; };
		670CBB821D8617AD00FC9B7C /* pipe1.png in Resources */ = {isa = PBXBuildFile; fileRef = 670CBB7D1D8617AD00FC9B7C /* pipe1.png */; };
		670CBB831D8617AD00FC9B7C /* pipe2.png in Resources */ = {isa = PBXBuildFile; fileRef = 670CBB7E1D8617AD00FC9B7C /* pipe2.png */; };
		676FA58C1D84C35E003D8349 /* AppDelegate.swift in Sources */ = {isa = PBXBuildFile; fileRef = 676FA58B1D84C35E003D8349 /* AppDelegate.swift */; };
		676FA58E1D84C35E003D8349 /* GameScene.sks in Resources */ = {isa = PBXBuildFile; fileRef = 676FA58D1D84C35E003D8349 /* GameScene.sks */; };
		676FA5901D84C35E003D8349 /* GameScene.swift in Sources */ = {isa = PBXBuildFile; fileRef = 676FA58F1D84C35E003D8349 /* GameScene.swift */; };
		676FA5921D84C35E003D8349 /* GameViewController.swift in Sources */ = {isa = PBXBuildFile; fileRef = 676FA5911D84C35E003D8349 /* GameViewController.swift */; };
		676FA5951D84C35E003D8349 /* Main.storyboard in Resources */ = {isa = PBXBuildFile; fileRef = 676FA5931D84C35E003D8349 /* Main.storyboard */; };
		676FA5971D84C35E003D8349 /* Assets.xcassets in Resources */ = {isa = PBXBuildFile; fileRef = 676FA5961D84C35E003D8349 /* Assets.xcassets */; };
		676FA59A1D84C35E003D8349 /* LaunchScreen.storyboard in Resources */ = {isa = PBXBuildFile; fileRef = 676FA5981D84C35E003D8349 /* LaunchScreen.storyboard */; };
/* End PBXBuildFile section */

/* Begin PBXFileReference section */
		670CBB7A1D8617AD00FC9B7C /* bg.png */ = {isa = PBXFileReference; lastKnownFileType = image.png; path = bg.png; sourceTree = "<group>"; };
		670CBB7B1D8617AD00FC9B7C /* flappy1.png */ = {isa = PBXFileReference; lastKnownFileType = image.png; path = flappy1.png; sourceTree = "<group>"; };
		670CBB7C1D8617AD00FC9B7C /* flappy2.png */ = {isa = PBXFileReference; lastKnownFileType = image.png; path = flappy2.png; sourceTree = "<group>"; };
		670CBB7D1D8617AD00FC9B7C /* pipe1.png */ = {isa = PBXFileReference; lastKnownFileType = image.png; path = pipe1.png; sourceTree = "<group>"; };
		670CBB7E1D8617AD00FC9B7C /* pipe2.png */ = {isa = PBXFileReference; lastKnownFileType = image.png; path = pipe2.png; sourceTree = "<group>"; };
		676FA5881D84C35E003D8349 /* flappyBird.app */ = {isa = PBXFileReference; explicitFileType = wrapper.application; includeInIndex = 0; path = flappyBird.app; sourceTree = BUILT_PRODUCTS_DIR; };
		676FA58B1D84C35E003D8349 /* AppDelegate.swift */ = {isa = PBXFileReference; lastKnownFileType = sourcecode.swift; path = AppDelegate.swift; sourceTree = "<group>"; };
		676FA58D1D84C35E003D8349 /* GameScene.sks */ = {isa = PBXFileReference; lastKnownFileType = file.sks; path = GameScene.sks; sourceTree = "<group>"; };
		676FA58F1D84C35E003D8349 /* GameScene.swift */ = {isa = PBXFileReference; lastKnownFileType = sourcecode.swift; path = GameScene.swift; sourceTree = "<group>"; };
		676FA5911D84C35E003D8349 /* GameViewController.swift */ = {isa = PBXFileReference; lastKnownFileType = sourcecode.swift; path = GameViewController.swift; sourceTree = "<group>"; };
		676FA5941D84C35E003D8349 /* Base */ = {isa = PBXFileReference; lastKnownFileType = file.storyboard; name = Base; path = Base.lproj/Main.storyboard; sourceTree = "<group>"; };
		676FA5961D84C35E003D8349 /* Assets.xcassets */ = {isa = PBXFileReference; lastKnownFileType = folder.assetcatalog; path = Assets.xcassets; sourceTree = "<group>"; };
		676FA5991D84C35E003D8349 /* Base */ = {isa = PBXFileReference; lastKnownFileType = file.storyboard; name = Base; path = Base.lproj/LaunchScreen.storyboard; sourceTree = "<group>"; };
		676FA59B1D84C35E003D8349 /* Info.plist */ = {isa = PBXFileReference; lastKnownFileType = text.plist.xml; path = Info.plist; sourceTree = "<group>"; };
/* End PBXFileReference section */

/* Begin PBXFrameworksBuildPhase section */
		676FA5851D84C35E003D8349 /* Frameworks */ = {
			isa = PBXFrameworksBuildPhase;
			buildActionMask = 2147483647;
			files = (
			);
			runOnlyForDeploymentPostprocessing = 0;
		};
/* End PBXFrameworksBuildPhase section */

/* Begin PBXGroup section */
		676FA57F1D84C35E003D8349 = {
			isa = PBXGroup;
			children = (
				676FA58A1D84C35E003D8349 /* flappyBird */,
				676FA5891D84C35E003D8349 /* Products */,
			);
			sourceTree = "<group>";
		};
		676FA5891D84C35E003D8349 /* Products */ = {
			isa = PBXGroup;
			children = (
				676FA5881D84C35E003D8349 /* flappyBird.app */,
			);
			name = Products;
			sourceTree = "<group>";
		};
		676FA58A1D84C35E003D8349 /* flappyBird */ = {
			isa = PBXGroup;
			children = (
				676FA58B1D84C35E003D8349 /* AppDelegate.swift */,
				676FA58D1D84C35E003D8349 /* GameScene.sks */,
				676FA58F1D84C35E003D8349 /* GameScene.swift */,
				676FA5911D84C35E003D8349 /* GameViewController.swift */,
				676FA5931D84C35E003D8349 /* Main.storyboard */,
				676FA5961D84C35E003D8349 /* Assets.xcassets */,
				670CBB7A1D8617AD00FC9B7C /* bg.png */,
				670CBB7B1D8617AD00FC9B7C /* flappy1.png */,
				670CBB7C1D8617AD00FC9B7C /* flappy2.png */,
				670CBB7D1D8617AD00FC9B7C /* pipe1.png */,
				670CBB7E1D8617AD00FC9B7C /* pipe2.png */,
				676FA5981D84C35E003D8349 /* LaunchScreen.storyboard */,
				676FA59B1D84C35E003D8349 /* Info.plist */,
			);
			path = flappyBird;
			sourceTree = "<group>";
		};
/* End PBXGroup section */

/* Begin PBXNativeTarget section */
		676FA5871D84C35E003D8349 /* flappyBird */ = {
			isa = PBXNativeTarget;
			buildConfigurationList = 676FA59E1D84C35E003D8349 /* Build configuration list for PBXNativeTarget "flappyBird" */;
			buildPhases = (
				676FA5841D84C35E003D8349 /* Sources */,
				676FA5851D84C35E003D8349 /* Frameworks */,
				676FA5861D84C35E003D8349 /* Resources */,
			);
			buildRules = (
			);
			dependencies = (
			);
			name = flappyBird;
			productName = flappyBird;
			productReference = 676FA5881D84C35E003D8349 /* flappyBird.app */;
			productType = "com.apple.product-type.application";
		};
/* End PBXNativeTarget section */

/* Begin PBXProject section */
		676FA5801D84C35E003D8349 /* Project object */ = {
			isa = PBXProject;
			attributes = {
				LastSwiftUpdateCheck = 0730;
				LastUpgradeCheck = 0730;
				ORGANIZATIONNAME = "Kaylan Smith";
				TargetAttributes = {
					676FA5871D84C35E003D8349 = {
						CreatedOnToolsVersion = 7.3.1;
					};
				};
			};
			buildConfigurationList = 676FA5831D84C35E003D8349 /* Build configuration list for PBXProject "flappyBird" */;
			compatibilityVersion = "Xcode 3.2";
			developmentRegion = English;
			hasScannedForEncodings = 0;
			knownRegions = (
				en,
				Base,
			);
			mainGroup = 676FA57F1D84C35E003D8349;
			productRefGroup = 676FA5891D84C35E003D8349 /* Products */;
			projectDirPath = "";
			projectRoot = "";
			targets = (
				676FA5871D84C35E003D8349 /* flappyBird */,
			);
		};
/* End PBXProject section */

/* Begin PBXResourcesBuildPhase section */
		676FA5861D84C35E003D8349 /* Resources */ = {
			isa = PBXResourcesBuildPhase;
			buildActionMask = 2147483647;
			files = (
				670CBB811D8617AD00FC9B7C /* flappy2.png in Resources */,
				670CBB7F1D8617AD00FC9B7C /* bg.png in Resources */,
				676FA58E1D84C35E003D8349 /* GameScene.sks in Resources */,
				670CBB821D8617AD00FC9B7C /* pipe1.png in Resources */,
				676FA59A1D84C35E003D8349 /* LaunchScreen.storyboard in Resources */,
				670CBB831D8617AD00FC9B7C /* pipe2.png in Resources */,
				676FA5971D84C35E003D8349 /* Assets.xcassets in Resources */,
				676FA5951D84C35E003D8349 /* Main.storyboard in Resources */,
				670CBB801D8617AD00FC9B7C /* flappy1.png in Resources */,
			);
			runOnlyForDeploymentPostprocessing = 0;
		};
/* End PBXResourcesBuildPhase section */

/* Begin PBXSourcesBuildPhase section */
		676FA5841D84C35E003D8349 /* Sources */ = {
			isa = PBXSourcesBuildPhase;
			buildActionMask = 2147483647;
			files = (
				676FA5901D84C35E003D8349 /* GameScene.swift in Sources */,
				676FA5921D84C35E003D8349 /* GameViewController.swift in Sources */,
				676FA58C1D84C35E003D8349 /* AppDelegate.swift in Sources */,
			);
			runOnlyForDeploymentPostprocessing = 0;
		};
/* End PBXSourcesBuildPhase section */

/* Begin PBXVariantGroup section */
		676FA5931D84C35E003D8349 /* Main.storyboard */ = {
			isa = PBXVariantGroup;
			children = (
				676FA5941D84C35E003D8349 /* Base */,
			);
			name = Main.storyboard;
			sourceTree = "<group>";
		};
		676FA5981D84C35E003D8349 /* LaunchScreen.storyboard */ = {
			isa = PBXVariantGroup;
			children = (
				676FA5991D84C35E003D8349 /* Base */,
			);
			name = LaunchScreen.storyboard;
			sourceTree = "<group>";
		};
/* End PBXVariantGroup section */

/* Begin XCBuildConfiguration section */
		676FA59C1D84C35E003D8349 /* Debug */ = {
			isa = XCBuildConfiguration;
			buildSettings = {
				ALWAYS_SEARCH_USER_PATHS = NO;
				CLANG_ANALYZER_NONNULL = YES;
				CLANG_CXX_LANGUAGE_STANDARD = "gnu++0x";
				CLANG_CXX_LIBRARY = "libc++";
				CLANG_ENABLE_MODULES = YES;
				CLANG_ENABLE_OBJC_ARC = YES;
				CLANG_WARN_BOOL_CONVERSION = YES;
				CLANG_WARN_CONSTANT_CONVERSION = YES;
				CLANG_WARN_DIRECT_OBJC_ISA_USAGE = YES_ERROR;
				CLANG_WARN_EMPTY_BODY = YES;
				CLANG_WARN_ENUM_CONVERSION = YES;
				CLANG_WARN_INT_CONVERSION = YES;
				CLANG_WARN_OBJC_ROOT_CLASS = YES_ERROR;
				CLANG_WARN_UNREACHABLE_CODE = YES;
				CLANG_WARN__DUPLICATE_METHOD_MATCH = YES;
				"CODE_SIGN_IDENTITY[sdk=iphoneos*]" = "iPhone Developer";
				COPY_PHASE_STRIP = NO;
				DEBUG_INFORMATION_FORMAT = "dwarf-with-dsym";
				ENABLE_STRICT_OBJC_MSGSEND = YES;
				ENABLE_TESTABILITY = YES;
				GCC_C_LANGUAGE_STANDARD = gnu99;
				GCC_DYNAMIC_NO_PIC = NO;
				GCC_NO_COMMON_BLOCKS = YES;
				GCC_OPTIMIZATION_LEVEL = 0;
				GCC_PREPROCESSOR_DEFINITIONS = (
					"DEBUG=1",
					"$(inherited)",
				);
				GCC_WARN_64_TO_32_BIT_CONVERSION = YES;
				GCC_WARN_ABOUT_RETURN_TYPE = YES_ERROR;
				GCC_WARN_UNDECLARED_SELECTOR = YES;
				GCC_WARN_UNINITIALIZED_AUTOS = YES_AGGRESSIVE;
				GCC_WARN_UNUSED_FUNCTION = YES;
				GCC_WARN_UNUSED_VARIABLE = YES;
				IPHONEOS_DEPLOYMENT_TARGET = 9.3;
				MTL_ENABLE_DEBUG_INFO = YES;
				ONLY_ACTIVE_ARCH = YES;
				SDKROOT = iphoneos;
				SWIFT_OPTIMIZATION_LEVEL = "-Onone";
			};
			name = Debug;
		};
		676FA59D1D84C35E003D8349 /* Release */ = {
			isa = XCBuildConfiguration;
			buildSettings = {
				ALWAYS_SEARCH_USER_PATHS = NO;
				CLANG_ANALYZER_NONNULL = YES;
				CLANG_CXX_LANGUAGE_STANDARD = "gnu++0x";
				CLANG_CXX_LIBRARY = "libc++";
				CLANG_ENABLE_MODULES = YES;
				CLANG_ENABLE_OBJC_ARC = YES;
				CLANG_WARN_BOOL_CONVERSION = YES;
				CLANG_WARN_CONSTANT_CONVERSION = YES;
				CLANG_WARN_DIRECT_OBJC_ISA_USAGE = YES_ERROR;
				CLANG_WARN_EMPTY_BODY = YES;
				CLANG_WARN_ENUM_CONVERSION = YES;
				CLANG_WARN_INT_CONVERSION = YES;
				CLANG_WARN_OBJC_ROOT_CLASS = YES_ERROR;
				CLANG_WARN_UNREACHABLE_CODE = YES;
				CLANG_WARN__DUPLICATE_METHOD_MATCH = YES;
				"CODE_SIGN_IDENTITY[sdk=iphoneos*]" = "iPhone Developer";
				COPY_PHASE_STRIP = NO;
				DEBUG_INFORMATION_FORMAT = "dwarf-with-dsym";
				ENABLE_NS_ASSERTIONS = NO;
				ENABLE_STRICT_OBJC_MSGSEND = YES;
				GCC_C_LANGUAGE_STANDARD = gnu99;
				GCC_NO_COMMON_BLOCKS = YES;
				GCC_WARN_64_TO_32_BIT_CONVERSION = YES;
				GCC_WARN_ABOUT_RETURN_TYPE = YES_ERROR;
				GCC_WARN_UNDECLARED_SELECTOR = YES;
				GCC_WARN_UNINITIALIZED_AUTOS = YES_AGGRESSIVE;
				GCC_WARN_UNUSED_FUNCTION = YES;
				GCC_WARN_UNUSED_VARIABLE = YES;
				IPHONEOS_DEPLOYMENT_TARGET = 9.3;
				MTL_ENABLE_DEBUG_INFO = NO;
				SDKROOT = iphoneos;
				VALIDATE_PRODUCT = YES;
			};
			name = Release;
		};
		676FA59F1D84C35E003D8349 /* Debug */ = {
			isa = XCBuildConfiguration;
			buildSettings = {
				ASSETCATALOG_COMPILER_APPICON_NAME = AppIcon;
				INFOPLIST_FILE = flappyBird/Info.plist;
				LD_RUNPATH_SEARCH_PATHS = "$(inherited) @executable_path/Frameworks";
				PRODUCT_BUNDLE_IDENTIFIER = com.kaylansmith.flappyBird;
				PRODUCT_NAME = "$(TARGET_NAME)";
			};
			name = Debug;
		};
		676FA5A01D84C35E003D8349 /* Release */ = {
			isa = XCBuildConfiguration;
			buildSettings = {
				ASSETCATALOG_COMPILER_APPICON_NAME = AppIcon;
				INFOPLIST_FILE = flappyBird/Info.plist;
				LD_RUNPATH_SEARCH_PATHS = "$(inherited) @executable_path/Frameworks";
				PRODUCT_BUNDLE_IDENTIFIER = com.kaylansmith.flappyBird;
				PRODUCT_NAME = "$(TARGET_NAME)";
			};
			name = Release;
		};
/* End XCBuildConfiguration section */

/* Begin XCConfigurationList section */
		676FA5831D84C35E003D8349 /* Build configuration list for PBXProject "flappyBird" */ = {
			isa = XCConfigurationList;
			buildConfigurations = (
				676FA59C1D84C35E003D8349 /* Debug */,
				676FA59D1D84C35E003D8349 /* Release */,
			);
			defaultConfigurationIsVisible = 0;
			defaultConfigurationName = Release;
		};
		676FA59E1D84C35E003D8349 /* Build configuration list for PBXNativeTarget "flappyBird" */ = {
			isa = XCConfigurationList;
			buildConfigurations = (
				676FA59F1D84C35E003D8349 /* Debug */,
				676FA5A01D84C35E003D8349 /* Release */,
			);
			defaultConfigurationIsVisible = 0;
			defaultConfigurationName = Release;
		};
/* End XCConfigurationList section */
	};
	rootObject = 676FA5801D84C35E003D8349 /* Project object */;
}
